{
  "name": "bot-metrica",
  "version": "1.0.0",
  "lockfileVersion": 1,
  "requires": true,
  "dependencies": {
    "yametrika": {
      "version": "1.0.2",
      "resolved": "https://registry.npmjs.org/yametrika/-/yametrika-1.0.2.tgz",
      "integrity": "sha1-XVkP9UMF5ZvErwEsU/2zCrREA/4="
    }
  }
}
